<Solution>
  <Project Path="Arguments/Arguments.csproj" />
  <Project Path="Exercise_Numbers/Exercise_Numbers.csproj" />
  <Project Path="Formatting/Formatting.csproj" />
  <Project Path="Number/Number.csproj" />
  <Project Path="Variables/Variables.csproj" />
  <Project Path="Vocabulary/Vocabulary.csproj" />
</Solution>
