
Microsoft Visual Studio Solution File, Format Version 12.00
# Visual Studio Version 17
VisualStudioVersion = 17.0.31903.59
MinimumVisualStudioVersion = 10.0.40219.1
Project("{FAE04EC0-301F-11D3-BF4B-00C04F79EFBC}") = "WorkingWithEFCore", "WorkingWithEFCore\WorkingWithEFCore.csproj", "{8880D3C7-B65F-41FA-9DA1-D097EE99B0AD}"
EndProject
Project("{FAE04EC0-301F-11D3-BF4B-00C04F79EFBC}") = "Northwind.EntityModels", "Northwind.EntityModels\Northwind.EntityModels.csproj", "{5ECF9105-BA13-4F20-8807-921A2A7196E3}"
EndProject
Project("{FAE04EC0-301F-11D3-BF4B-00C04F79EFBC}") = "CoursesAndStudents", "CoursesAndStudents\CoursesAndStudents.csproj", "{3C8B5876-4EBC-46F1-A381-D4177DB67DAB}"
EndProject
Project("{FAE04EC0-301F-11D3-BF4B-00C04F79EFBC}") = "Exercise_DataSerialization", "Exercise_DataSerialization\Exercise_DataSerialization.csproj", "{2E1AE6D7-D082-4AD6-B066-0AB2E1868208}"
EndProject
Global
	GlobalSection(SolutionConfigurationPlatforms) = preSolution
		Debug|Any CPU = Debug|Any CPU
		Debug|x64 = Debug|x64
		Debug|x86 = Debug|x86
		Release|Any CPU = Release|Any CPU
		Release|x64 = Release|x64
		Release|x86 = Release|x86
	EndGlobalSection
	GlobalSection(ProjectConfigurationPlatforms) = postSolution
		{8880D3C7-B65F-41FA-9DA1-D097EE99B0AD}.Debug|Any CPU.ActiveCfg = Debug|Any CPU
		{8880D3C7-B65F-41FA-9DA1-D097EE99B0AD}.Debug|Any CPU.Build.0 = Debug|Any CPU
		{8880D3C7-B65F-41FA-9DA1-D097EE99B0AD}.Debug|x64.ActiveCfg = Debug|Any CPU
		{8880D3C7-B65F-41FA-9DA1-D097EE99B0AD}.Debug|x64.Build.0 = Debug|Any CPU
		{8880D3C7-B65F-41FA-9DA1-D097EE99B0AD}.Debug|x86.ActiveCfg = Debug|Any CPU
		{8880D3C7-B65F-41FA-9DA1-D097EE99B0AD}.Debug|x86.Build.0 = Debug|Any CPU
		{8880D3C7-B65F-41FA-9DA1-D097EE99B0AD}.Release|Any CPU.ActiveCfg = Release|Any CPU
		{8880D3C7-B65F-41FA-9DA1-D097EE99B0AD}.Release|Any CPU.Build.0 = Release|Any CPU
		{8880D3C7-B65F-41FA-9DA1-D097EE99B0AD}.Release|x64.ActiveCfg = Release|Any CPU
		{8880D3C7-B65F-41FA-9DA1-D097EE99B0AD}.Release|x64.Build.0 = Release|Any CPU
		{8880D3C7-B65F-41FA-9DA1-D097EE99B0AD}.Release|x86.ActiveCfg = Release|Any CPU
		{8880D3C7-B65F-41FA-9DA1-D097EE99B0AD}.Release|x86.Build.0 = Release|Any CPU
		{5ECF9105-BA13-4F20-8807-921A2A7196E3}.Debug|Any CPU.ActiveCfg = Debug|Any CPU
		{5ECF9105-BA13-4F20-8807-921A2A7196E3}.Debug|Any CPU.Build.0 = Debug|Any CPU
		{5ECF9105-BA13-4F20-8807-921A2A7196E3}.Debug|x64.ActiveCfg = Debug|Any CPU
		{5ECF9105-BA13-4F20-8807-921A2A7196E3}.Debug|x64.Build.0 = Debug|Any CPU
		{5ECF9105-BA13-4F20-8807-921A2A7196E3}.Debug|x86.ActiveCfg = Debug|Any CPU
		{5ECF9105-BA13-4F20-8807-921A2A7196E3}.Debug|x86.Build.0 = Debug|Any CPU
		{5ECF9105-BA13-4F20-8807-921A2A7196E3}.Release|Any CPU.ActiveCfg = Release|Any CPU
		{5ECF9105-BA13-4F20-8807-921A2A7196E3}.Release|Any CPU.Build.0 = Release|Any CPU
		{5ECF9105-BA13-4F20-8807-921A2A7196E3}.Release|x64.ActiveCfg = Release|Any CPU
		{5ECF9105-BA13-4F20-8807-921A2A7196E3}.Release|x64.Build.0 = Release|Any CPU
		{5ECF9105-BA13-4F20-8807-921A2A7196E3}.Release|x86.ActiveCfg = Release|Any CPU
		{5ECF9105-BA13-4F20-8807-921A2A7196E3}.Release|x86.Build.0 = Release|Any CPU
		{3C8B5876-4EBC-46F1-A381-D4177DB67DAB}.Debug|Any CPU.ActiveCfg = Debug|Any CPU
		{3C8B5876-4EBC-46F1-A381-D4177DB67DAB}.Debug|Any CPU.Build.0 = Debug|Any CPU
		{3C8B5876-4EBC-46F1-A381-D4177DB67DAB}.Debug|x64.ActiveCfg = Debug|Any CPU
		{3C8B5876-4EBC-46F1-A381-D4177DB67DAB}.Debug|x64.Build.0 = Debug|Any CPU
		{3C8B5876-4EBC-46F1-A381-D4177DB67DAB}.Debug|x86.ActiveCfg = Debug|Any CPU
		{3C8B5876-4EBC-46F1-A381-D4177DB67DAB}.Debug|x86.Build.0 = Debug|Any CPU
		{3C8B5876-4EBC-46F1-A381-D4177DB67DAB}.Release|Any CPU.ActiveCfg = Release|Any CPU
		{3C8B5876-4EBC-46F1-A381-D4177DB67DAB}.Release|Any CPU.Build.0 = Release|Any CPU
		{3C8B5876-4EBC-46F1-A381-D4177DB67DAB}.Release|x64.ActiveCfg = Release|Any CPU
		{3C8B5876-4EBC-46F1-A381-D4177DB67DAB}.Release|x64.Build.0 = Release|Any CPU
		{3C8B5876-4EBC-46F1-A381-D4177DB67DAB}.Release|x86.ActiveCfg = Release|Any CPU
		{3C8B5876-4EBC-46F1-A381-D4177DB67DAB}.Release|x86.Build.0 = Release|Any CPU
		{2E1AE6D7-D082-4AD6-B066-0AB2E1868208}.Debug|Any CPU.ActiveCfg = Debug|Any CPU
		{2E1AE6D7-D082-4AD6-B066-0AB2E1868208}.Debug|Any CPU.Build.0 = Debug|Any CPU
		{2E1AE6D7-D082-4AD6-B066-0AB2E1868208}.Debug|x64.ActiveCfg = Debug|Any CPU
		{2E1AE6D7-D082-4AD6-B066-0AB2E1868208}.Debug|x64.Build.0 = Debug|Any CPU
		{2E1AE6D7-D082-4AD6-B066-0AB2E1868208}.Debug|x86.ActiveCfg = Debug|Any CPU
		{2E1AE6D7-D082-4AD6-B066-0AB2E1868208}.Debug|x86.Build.0 = Debug|Any CPU
		{2E1AE6D7-D082-4AD6-B066-0AB2E1868208}.Release|Any CPU.ActiveCfg = Release|Any CPU
		{2E1AE6D7-D082-4AD6-B066-0AB2E1868208}.Release|Any CPU.Build.0 = Release|Any CPU
		{2E1AE6D7-D082-4AD6-B066-0AB2E1868208}.Release|x64.ActiveCfg = Release|Any CPU
		{2E1AE6D7-D082-4AD6-B066-0AB2E1868208}.Release|x64.Build.0 = Release|Any CPU
		{2E1AE6D7-D082-4AD6-B066-0AB2E1868208}.Release|x86.ActiveCfg = Release|Any CPU
		{2E1AE6D7-D082-4AD6-B066-0AB2E1868208}.Release|x86.Build.0 = Release|Any CPU
	EndGlobalSection
	GlobalSection(SolutionProperties) = preSolution
		HideSolutionNode = FALSE
	EndGlobalSection
EndGlobal
