
Microsoft Visual Studio Solution File, Format Version 12.00
# Visual Studio Version 17
VisualStudioVersion = 17.0.31903.59
MinimumVisualStudioVersion = 10.0.40219.1
Project("{FAE04EC0-301F-11D3-BF4B-00C04F79EFBC}") = "LinqWithObjects", "LinqWithObjects\LinqWithObjects.csproj", "{F6FE7418-F299-460F-9BA8-2252F5F9D33F}"
EndProject
Project("{FAE04EC0-301F-11D3-BF4B-00C04F79EFBC}") = "LinqWithEFCore", "LinqWithEFCore\LinqWithEFCore.csproj", "{3275F055-C560-4A86-8D1A-CF089D9613C3}"
EndProject
Project("{FAE04EC0-301F-11D3-BF4B-00C04F79EFBC}") = "LinqInParallel", "LinqInParallel\LinqInParallel.csproj", "{38F00ECC-DEB7-48C9-8F49-69D8CD10C5E3}"
EndProject
Global
	GlobalSection(SolutionConfigurationPlatforms) = preSolution
		Debug|Any CPU = Debug|Any CPU
		Debug|x64 = Debug|x64
		Debug|x86 = Debug|x86
		Release|Any CPU = Release|Any CPU
		Release|x64 = Release|x64
		Release|x86 = Release|x86
	EndGlobalSection
	GlobalSection(ProjectConfigurationPlatforms) = postSolution
		{F6FE7418-F299-460F-9BA8-2252F5F9D33F}.Debug|Any CPU.ActiveCfg = Debug|Any CPU
		{F6FE7418-F299-460F-9BA8-2252F5F9D33F}.Debug|Any CPU.Build.0 = Debug|Any CPU
		{F6FE7418-F299-460F-9BA8-2252F5F9D33F}.Debug|x64.ActiveCfg = Debug|Any CPU
		{F6FE7418-F299-460F-9BA8-2252F5F9D33F}.Debug|x64.Build.0 = Debug|Any CPU
		{F6FE7418-F299-460F-9BA8-2252F5F9D33F}.Debug|x86.ActiveCfg = Debug|Any CPU
		{F6FE7418-F299-460F-9BA8-2252F5F9D33F}.Debug|x86.Build.0 = Debug|Any CPU
		{F6FE7418-F299-460F-9BA8-2252F5F9D33F}.Release|Any CPU.ActiveCfg = Release|Any CPU
		{F6FE7418-F299-460F-9BA8-2252F5F9D33F}.Release|Any CPU.Build.0 = Release|Any CPU
		{F6FE7418-F299-460F-9BA8-2252F5F9D33F}.Release|x64.ActiveCfg = Release|Any CPU
		{F6FE7418-F299-460F-9BA8-2252F5F9D33F}.Release|x64.Build.0 = Release|Any CPU
		{F6FE7418-F299-460F-9BA8-2252F5F9D33F}.Release|x86.ActiveCfg = Release|Any CPU
		{F6FE7418-F299-460F-9BA8-2252F5F9D33F}.Release|x86.Build.0 = Release|Any CPU
		{3275F055-C560-4A86-8D1A-CF089D9613C3}.Debug|Any CPU.ActiveCfg = Debug|Any CPU
		{3275F055-C560-4A86-8D1A-CF089D9613C3}.Debug|Any CPU.Build.0 = Debug|Any CPU
		{3275F055-C560-4A86-8D1A-CF089D9613C3}.Debug|x64.ActiveCfg = Debug|Any CPU
		{3275F055-C560-4A86-8D1A-CF089D9613C3}.Debug|x64.Build.0 = Debug|Any CPU
		{3275F055-C560-4A86-8D1A-CF089D9613C3}.Debug|x86.ActiveCfg = Debug|Any CPU
		{3275F055-C560-4A86-8D1A-CF089D9613C3}.Debug|x86.Build.0 = Debug|Any CPU
		{3275F055-C560-4A86-8D1A-CF089D9613C3}.Release|Any CPU.ActiveCfg = Release|Any CPU
		{3275F055-C560-4A86-8D1A-CF089D9613C3}.Release|Any CPU.Build.0 = Release|Any CPU
		{3275F055-C560-4A86-8D1A-CF089D9613C3}.Release|x64.ActiveCfg = Release|Any CPU
		{3275F055-C560-4A86-8D1A-CF089D9613C3}.Release|x64.Build.0 = Release|Any CPU
		{3275F055-C560-4A86-8D1A-CF089D9613C3}.Release|x86.ActiveCfg = Release|Any CPU
		{3275F055-C560-4A86-8D1A-CF089D9613C3}.Release|x86.Build.0 = Release|Any CPU
		{38F00ECC-DEB7-48C9-8F49-69D8CD10C5E3}.Debug|Any CPU.ActiveCfg = Debug|Any CPU
		{38F00ECC-DEB7-48C9-8F49-69D8CD10C5E3}.Debug|Any CPU.Build.0 = Debug|Any CPU
		{38F00ECC-DEB7-48C9-8F49-69D8CD10C5E3}.Debug|x64.ActiveCfg = Debug|Any CPU
		{38F00ECC-DEB7-48C9-8F49-69D8CD10C5E3}.Debug|x64.Build.0 = Debug|Any CPU
		{38F00ECC-DEB7-48C9-8F49-69D8CD10C5E3}.Debug|x86.ActiveCfg = Debug|Any CPU
		{38F00ECC-DEB7-48C9-8F49-69D8CD10C5E3}.Debug|x86.Build.0 = Debug|Any CPU
		{38F00ECC-DEB7-48C9-8F49-69D8CD10C5E3}.Release|Any CPU.ActiveCfg = Release|Any CPU
		{38F00ECC-DEB7-48C9-8F49-69D8CD10C5E3}.Release|Any CPU.Build.0 = Release|Any CPU
		{38F00ECC-DEB7-48C9-8F49-69D8CD10C5E3}.Release|x64.ActiveCfg = Release|Any CPU
		{38F00ECC-DEB7-48C9-8F49-69D8CD10C5E3}.Release|x64.Build.0 = Release|Any CPU
		{38F00ECC-DEB7-48C9-8F49-69D8CD10C5E3}.Release|x86.ActiveCfg = Release|Any CPU
		{38F00ECC-DEB7-48C9-8F49-69D8CD10C5E3}.Release|x86.Build.0 = Release|Any CPU
	EndGlobalSection
	GlobalSection(SolutionProperties) = preSolution
		HideSolutionNode = FALSE
	EndGlobalSection
EndGlobal
